
Microsoft Visual Studio Solution File, Format Version 12.00
# Visual Studio Version 17
VisualStudioVersion = 17.3.32929.385
MinimumVisualStudioVersion = 10.0.40219.1
Project("{FAE04EC0-301F-11D3-BF4B-00C04F79EFBC}") = "BasicPractice", "BasicPractice.csproj", "{EF81EB39-6554-4CCA-A837-8C49E6F70DEC}"
EndProject
Global
	GlobalSection(SolutionConfigurationPlatforms) = preSolution
		Debug|Any CPU = Debug|Any CPU
		Release|Any CPU = Release|Any CPU
	EndGlobalSection
	GlobalSection(ProjectConfigurationPlatforms) = postSolution
		{EF81EB39-6554-4CCA-A837-8C49E6F70DEC}.Debug|Any CPU.ActiveCfg = Debug|Any CPU
		{EF81EB39-6554-4CCA-A837-8C49E6F70DEC}.Debug|Any CPU.Build.0 = Debug|Any CPU
		{EF81EB39-6554-4CCA-A837-8C49E6F70DEC}.Release|Any CPU.ActiveCfg = Release|Any CPU
		{EF81EB39-6554-4CCA-A837-8C49E6F70DEC}.Release|Any CPU.Build.0 = Release|Any CPU
	EndGlobalSection
	GlobalSection(SolutionProperties) = preSolution
		HideSolutionNode = FALSE
	EndGlobalSection
	GlobalSection(ExtensibilityGlobals) = postSolution
		SolutionGuid = {6BF53B6B-ADBA-4E9F-82AD-48F36B5B2026}
	EndGlobalSection
EndGlobal
